
Microsoft Visual Studio Solution File, Format Version 12.00
# Visual Studio 15
VisualStudioVersion = 15.0.28010.2050
MinimumVisualStudioVersion = 10.0.40219.1
Project("{9A19103F-16F7-4668-BE54-9A1E7A4F7556}") = "OntologyMain.Data", "OntologyMain.Data\OntologyMain.Data.csproj", "{722E0677-593F-43FF-A159-07101BB43B90}"
EndProject
Project("{9A19103F-16F7-4668-BE54-9A1E7A4F7556}") = "CommonLibraries", "CommonLibraries\CommonLibraries.csproj", "{D6C758CC-AAA3-42DD-AAF1-A43E1E239990}"
EndProject
Project("{9A19103F-16F7-4668-BE54-9A1E7A4F7556}") = "OntologyMain.Api", "OntologyMain.Api\OntologyMain.Api.csproj", "{39C3D1EF-FA02-4846-BD09-807D266A920A}"
EndProject
Global
	GlobalSection(SolutionConfigurationPlatforms) = preSolution
		Debug|Any CPU = Debug|Any CPU
		Release|Any CPU = Release|Any CPU
	EndGlobalSection
	GlobalSection(ProjectConfigurationPlatforms) = postSolution
		{722E0677-593F-43FF-A159-07101BB43B90}.Debug|Any CPU.ActiveCfg = Debug|Any CPU
		{722E0677-593F-43FF-A159-07101BB43B90}.Debug|Any CPU.Build.0 = Debug|Any CPU
		{722E0677-593F-43FF-A159-07101BB43B90}.Release|Any CPU.ActiveCfg = Release|Any CPU
		{722E0677-593F-43FF-A159-07101BB43B90}.Release|Any CPU.Build.0 = Release|Any CPU
		{D6C758CC-AAA3-42DD-AAF1-A43E1E239990}.Debug|Any CPU.ActiveCfg = Debug|Any CPU
		{D6C758CC-AAA3-42DD-AAF1-A43E1E239990}.Debug|Any CPU.Build.0 = Debug|Any CPU
		{D6C758CC-AAA3-42DD-AAF1-A43E1E239990}.Release|Any CPU.ActiveCfg = Release|Any CPU
		{D6C758CC-AAA3-42DD-AAF1-A43E1E239990}.Release|Any CPU.Build.0 = Release|Any CPU
		{39C3D1EF-FA02-4846-BD09-807D266A920A}.Debug|Any CPU.ActiveCfg = Debug|Any CPU
		{39C3D1EF-FA02-4846-BD09-807D266A920A}.Debug|Any CPU.Build.0 = Debug|Any CPU
		{39C3D1EF-FA02-4846-BD09-807D266A920A}.Release|Any CPU.ActiveCfg = Release|Any CPU
		{39C3D1EF-FA02-4846-BD09-807D266A920A}.Release|Any CPU.Build.0 = Release|Any CPU
	EndGlobalSection
	GlobalSection(SolutionProperties) = preSolution
		HideSolutionNode = FALSE
	EndGlobalSection
	GlobalSection(ExtensibilityGlobals) = postSolution
		SolutionGuid = {9331DB62-9622-4A8B-BC3E-CEE80FB12952}
	EndGlobalSection
EndGlobal
